{
  "name": "Infolab",
  "lockfileVersion": 2,
  "requires": true,
  "packages": {
    "": {
      "dependencies": {
        "@mdi/js": "^7.1.96"
      }
    },
    "node_modules/@mdi/js": {
      "version": "7.1.96",
      "resolved": "https://registry.npmjs.org/@mdi/js/-/js-7.1.96.tgz",
      "integrity": "sha512-wlrJs6Ryhaa5CqhK3FjTfMRnb/s7HeLkKMFqwQySkK86cdN1TGdzpSM3O4tsmzCA1dYBeTbXvOwSE/Y42cUrvA=="
    }
  },
  "dependencies": {
    "@mdi/js": {
      "version": "7.1.96",
      "resolved": "https://registry.npmjs.org/@mdi/js/-/js-7.1.96.tgz",
      "integrity": "sha512-wlrJs6Ryhaa5CqhK3FjTfMRnb/s7HeLkKMFqwQySkK86cdN1TGdzpSM3O4tsmzCA1dYBeTbXvOwSE/Y42cUrvA=="
    }
  }
}
